// !$*UTF8*$!
{
	archiveVersion = 1;
	classes = {
	};
	objectVersion = 50;
	objects = {

/* Begin PBXBuildFile section */
		6253AE35218D2A9C00373C33 /* AppDelegate.swift in Sources */ = {isa = PBXBuildFile; fileRef = 6253AE34218D2A9C00373C33 /* AppDelegate.swift */; };
		6253AE37218D2A9C00373C33 /* ViewController.swift in Sources */ = {isa = PBXBuildFile; fileRef = 6253AE36218D2A9C00373C33 /* ViewController.swift */; };
		6253AE3A218D2A9C00373C33 /* Main.storyboard in Resources */ = {isa = PBXBuildFile; fileRef = 6253AE38218D2A9C00373C33 /* Main.storyboard */; };
		6253AE3C218D2A9D00373C33 /* Assets.xcassets in Resources */ = {isa = PBXBuildFile; fileRef = 6253AE3B218D2A9D00373C33 /* Assets.xcassets */; };
		6253AE3F218D2A9D00373C33 /* LaunchScreen.storyboard in Resources */ = {isa = PBXBuildFile; fileRef = 6253AE3D218D2A9D00373C33 /* LaunchScreen.storyboard */; };
		6253AE4A218D2A9D00373C33 /* GhananeedanambulanceTests.swift in Sources */ = {isa = PBXBuildFile; fileRef = 6253AE49218D2A9D00373C33 /* GhananeedanambulanceTests.swift */; };
		6253AE55218D2A9D00373C33 /* GhananeedanambulanceUITests.swift in Sources */ = {isa = PBXBuildFile; fileRef = 6253AE54218D2A9D00373C33 /* GhananeedanambulanceUITests.swift */; };
		6253AE63218D314E00373C33 /* GoogleMapsBase.framework in Frameworks */ = {isa = PBXBuildFile; fileRef = 6253AE62218D314E00373C33 /* GoogleMapsBase.framework */; };
		6253AE65218D316F00373C33 /* GoogleMaps.framework in Frameworks */ = {isa = PBXBuildFile; fileRef = 6253AE64218D316F00373C33 /* GoogleMaps.framework */; };
		6253AE67218D317F00373C33 /* GoogleMapsCore.framework in Frameworks */ = {isa = PBXBuildFile; fileRef = 6253AE66218D317F00373C33 /* GoogleMapsCore.framework */; };
		6253AE6B218D31FA00373C33 /* GoogleMaps.bundle in Resources */ = {isa = PBXBuildFile; fileRef = 6253AE6A218D31FA00373C33 /* GoogleMaps.bundle */; };
		6253AE6E218D324A00373C33 /* Accelerate.framework in Frameworks */ = {isa = PBXBuildFile; fileRef = 6253AE6D218D324A00373C33 /* Accelerate.framework */; };
		6253AE70218D325700373C33 /* CoreData.framework in Frameworks */ = {isa = PBXBuildFile; fileRef = 6253AE6F218D325700373C33 /* CoreData.framework */; };
		6253AE72218D326200373C33 /* CoreGraphics.framework in Frameworks */ = {isa = PBXBuildFile; fileRef = 6253AE71218D326200373C33 /* CoreGraphics.framework */; };
		6253AE74218D326D00373C33 /* CoreImage.framework in Frameworks */ = {isa = PBXBuildFile; fileRef = 6253AE73218D326D00373C33 /* CoreImage.framework */; };
		6253AE76218D327600373C33 /* CoreLocation.framework in Frameworks */ = {isa = PBXBuildFile; fileRef = 6253AE75218D327600373C33 /* CoreLocation.framework */; };
		6253AE78218D328100373C33 /* CoreTelephony.framework in Frameworks */ = {isa = PBXBuildFile; fileRef = 6253AE77218D328100373C33 /* CoreTelephony.framework */; };
		6253AE7A218D328C00373C33 /* CoreText.framework in Frameworks */ = {isa = PBXBuildFile; fileRef = 6253AE79218D328C00373C33 /* CoreText.framework */; };
		6253AE7C218D329600373C33 /* GLKit.framework in Frameworks */ = {isa = PBXBuildFile; fileRef = 6253AE7B218D329600373C33 /* GLKit.framework */; };
		6253AE7E218D32A100373C33 /* ImageIO.framework in Frameworks */ = {isa = PBXBuildFile; fileRef = 6253AE7D218D32A100373C33 /* ImageIO.framework */; };
		6253AE80218D32B600373C33 /* libc++.tbd in Frameworks */ = {isa = PBXBuildFile; fileRef = 6253AE7F218D32B600373C33 /* libc++.tbd */; };
		6253AE82218D32C100373C33 /* OpenGLES.framework in Frameworks */ = {isa = PBXBuildFile; fileRef = 6253AE81218D32C100373C33 /* OpenGLES.framework */; };
		6253AE84218D32CB00373C33 /* QuartzCore.framework in Frameworks */ = {isa = PBXBuildFile; fileRef = 6253AE83218D32CB00373C33 /* QuartzCore.framework */; };
		6253AE86218D32D700373C33 /* SystemConfiguration.framework in Frameworks */ = {isa = PBXBuildFile; fileRef = 6253AE85218D32D700373C33 /* SystemConfiguration.framework */; };
		6253AE88218D32E100373C33 /* UIKit.framework in Frameworks */ = {isa = PBXBuildFile; fileRef = 6253AE87218D32E100373C33 /* UIKit.framework */; };
/* End PBXBuildFile section */

/* Begin PBXContainerItemProxy section */
		6253AE46218D2A9D00373C33 /* PBXContainerItemProxy */ = {
			isa = PBXContainerItemProxy;
			containerPortal = 6253AE29218D2A9C00373C33 /* Project object */;
			proxyType = 1;
			remoteGlobalIDString = 6253AE30218D2A9C00373C33;
			remoteInfo = Ghananeedanambulance;
		};
		6253AE51218D2A9D00373C33 /* PBXContainerItemProxy */ = {
			isa = PBXContainerItemProxy;
			containerPortal = 6253AE29218D2A9C00373C33 /* Project object */;
			proxyType = 1;
			remoteGlobalIDString = 6253AE30218D2A9C00373C33;
			remoteInfo = Ghananeedanambulance;
		};
/* End PBXContainerItemProxy section */

/* Begin PBXFileReference section */
		6253AE31218D2A9C00373C33 /* Ghananeedanambulance.app */ = {isa = PBXFileReference; explicitFileType = wrapper.application; includeInIndex = 0; path = Ghananeedanambulance.app; sourceTree = BUILT_PRODUCTS_DIR; };
		6253AE34218D2A9C00373C33 /* AppDelegate.swift */ = {isa = PBXFileReference; lastKnownFileType = sourcecode.swift; path = AppDelegate.swift; sourceTree = "<group>"; };
		6253AE36218D2A9C00373C33 /* ViewController.swift */ = {isa = PBXFileReference; lastKnownFileType = sourcecode.swift; path = ViewController.swift; sourceTree = "<group>"; };
		6253AE39218D2A9C00373C33 /* Base */ = {isa = PBXFileReference; lastKnownFileType = file.storyboard; name = Base; path = Base.lproj/Main.storyboard; sourceTree = "<group>"; };
		6253AE3B218D2A9D00373C33 /* Assets.xcassets */ = {isa = PBXFileReference; lastKnownFileType = folder.assetcatalog; path = Assets.xcassets; sourceTree = "<group>"; };
		6253AE3E218D2A9D00373C33 /* Base */ = {isa = PBXFileReference; lastKnownFileType = file.storyboard; name = Base; path = Base.lproj/LaunchScreen.storyboard; sourceTree = "<group>"; };
		6253AE40218D2A9D00373C33 /* Info.plist */ = {isa = PBXFileReference; lastKnownFileType = text.plist.xml; path = Info.plist; sourceTree = "<group>"; };
		6253AE45218D2A9D00373C33 /* GhananeedanambulanceTests.xctest */ = {isa = PBXFileReference; explicitFileType = wrapper.cfbundle; includeInIndex = 0; path = GhananeedanambulanceTests.xctest; sourceTree = BUILT_PRODUCTS_DIR; };
		6253AE49218D2A9D00373C33 /* GhananeedanambulanceTests.swift */ = {isa = PBXFileReference; lastKnownFileType = sourcecode.swift; path = GhananeedanambulanceTests.swift; sourceTree = "<group>"; };
		6253AE4B218D2A9D00373C33 /* Info.plist */ = {isa = PBXFileReference; lastKnownFileType = text.plist.xml; path = Info.plist; sourceTree = "<group>"; };
		6253AE50218D2A9D00373C33 /* GhananeedanambulanceUITests.xctest */ = {isa = PBXFileReference; explicitFileType = wrapper.cfbundle; includeInIndex = 0; path = GhananeedanambulanceUITests.xctest; sourceTree = BUILT_PRODUCTS_DIR; };
		6253AE54218D2A9D00373C33 /* GhananeedanambulanceUITests.swift */ = {isa = PBXFileReference; lastKnownFileType = sourcecode.swift; path = GhananeedanambulanceUITests.swift; sourceTree = "<group>"; };
		6253AE56218D2A9D00373C33 /* Info.plist */ = {isa = PBXFileReference; lastKnownFileType = text.plist.xml; path = Info.plist; sourceTree = "<group>"; };
		6253AE62218D314E00373C33 /* GoogleMapsBase.framework */ = {isa = PBXFileReference; lastKnownFileType = wrapper.framework; path = GoogleMapsBase.framework; sourceTree = "<group>"; };
		6253AE64218D316F00373C33 /* GoogleMaps.framework */ = {isa = PBXFileReference; lastKnownFileType = wrapper.framework; path = GoogleMaps.framework; sourceTree = "<group>"; };
		6253AE66218D317F00373C33 /* GoogleMapsCore.framework */ = {isa = PBXFileReference; lastKnownFileType = wrapper.framework; path = GoogleMapsCore.framework; sourceTree = "<group>"; };
		6253AE6A218D31FA00373C33 /* GoogleMaps.bundle */ = {isa = PBXFileReference; lastKnownFileType = "wrapper.plug-in"; name = GoogleMaps.bundle; path = GoogleMaps.framework/Resources/GoogleMaps.bundle; sourceTree = "<group>"; };
		6253AE6D218D324A00373C33 /* Accelerate.framework */ = {isa = PBXFileReference; lastKnownFileType = wrapper.framework; name = Accelerate.framework; path = System/Library/Frameworks/Accelerate.framework; sourceTree = SDKROOT; };
		6253AE6F218D325700373C33 /* CoreData.framework */ = {isa = PBXFileReference; lastKnownFileType = wrapper.framework; name = CoreData.framework; path = System/Library/Frameworks/CoreData.framework; sourceTree = SDKROOT; };
		6253AE71218D326200373C33 /* CoreGraphics.framework */ = {isa = PBXFileReference; lastKnownFileType = wrapper.framework; name = CoreGraphics.framework; path = System/Library/Frameworks/CoreGraphics.framework; sourceTree = SDKROOT; };
		6253AE73218D326D00373C33 /* CoreImage.framework */ = {isa = PBXFileReference; lastKnownFileType = wrapper.framework; name = CoreImage.framework; path = System/Library/Frameworks/CoreImage.framework; sourceTree = SDKROOT; };
		6253AE75218D327600373C33 /* CoreLocation.framework */ = {isa = PBXFileReference; lastKnownFileType = wrapper.framework; name = CoreLocation.framework; path = System/Library/Frameworks/CoreLocation.framework; sourceTree = SDKROOT; };
		6253AE77218D328100373C33 /* CoreTelephony.framework */ = {isa = PBXFileReference; lastKnownFileType = wrapper.framework; name = CoreTelephony.framework; path = System/Library/Frameworks/CoreTelephony.framework; sourceTree = SDKROOT; };
		6253AE79218D328C00373C33 /* CoreText.framework */ = {isa = PBXFileReference; lastKnownFileType = wrapper.framework; name = CoreText.framework; path = System/Library/Frameworks/CoreText.framework; sourceTree = SDKROOT; };
		6253AE7B218D329600373C33 /* GLKit.framework */ = {isa = PBXFileReference; lastKnownFileType = wrapper.framework; name = GLKit.framework; path = System/Library/Frameworks/GLKit.framework; sourceTree = SDKROOT; };
		6253AE7D218D32A100373C33 /* ImageIO.framework */ = {isa = PBXFileReference; lastKnownFileType = wrapper.framework; name = ImageIO.framework; path = System/Library/Frameworks/ImageIO.framework; sourceTree = SDKROOT; };
		6253AE7F218D32B600373C33 /* libc++.tbd */ = {isa = PBXFileReference; lastKnownFileType = "sourcecode.text-based-dylib-definition"; name = "libc++.tbd"; path = "usr/lib/libc++.tbd"; sourceTree = SDKROOT; };
		6253AE81218D32C100373C33 /* OpenGLES.framework */ = {isa = PBXFileReference; lastKnownFileType = wrapper.framework; name = OpenGLES.framework; path = System/Library/Frameworks/OpenGLES.framework; sourceTree = SDKROOT; };
		6253AE83218D32CB00373C33 /* QuartzCore.framework */ = {isa = PBXFileReference; lastKnownFileType = wrapper.framework; name = QuartzCore.framework; path = System/Library/Frameworks/QuartzCore.framework; sourceTree = SDKROOT; };
		6253AE85218D32D700373C33 /* SystemConfiguration.framework */ = {isa = PBXFileReference; lastKnownFileType = wrapper.framework; name = SystemConfiguration.framework; path = System/Library/Frameworks/SystemConfiguration.framework; sourceTree = SDKROOT; };
		6253AE87218D32E100373C33 /* UIKit.framework */ = {isa = PBXFileReference; lastKnownFileType = wrapper.framework; name = UIKit.framework; path = System/Library/Frameworks/UIKit.framework; sourceTree = SDKROOT; };
/* End PBXFileReference section */

/* Begin PBXFrameworksBuildPhase section */
		6253AE2E218D2A9C00373C33 /* Frameworks */ = {
			isa = PBXFrameworksBuildPhase;
			buildActionMask = 2147483647;
			files = (
				6253AE88218D32E100373C33 /* UIKit.framework in Frameworks */,
				6253AE86218D32D700373C33 /* SystemConfiguration.framework in Frameworks */,
				6253AE84218D32CB00373C33 /* QuartzCore.framework in Frameworks */,
				6253AE82218D32C100373C33 /* OpenGLES.framework in Frameworks */,
				6253AE80218D32B600373C33 /* libc++.tbd in Frameworks */,
				6253AE7E218D32A100373C33 /* ImageIO.framework in Frameworks */,
				6253AE7C218D329600373C33 /* GLKit.framework in Frameworks */,
				6253AE7A218D328C00373C33 /* CoreText.framework in Frameworks */,
				6253AE78218D328100373C33 /* CoreTelephony.framework in Frameworks */,
				6253AE76218D327600373C33 /* CoreLocation.framework in Frameworks */,
				6253AE74218D326D00373C33 /* CoreImage.framework in Frameworks */,
				6253AE72218D326200373C33 /* CoreGraphics.framework in Frameworks */,
				6253AE70218D325700373C33 /* CoreData.framework in Frameworks */,
				6253AE6E218D324A00373C33 /* Accelerate.framework in Frameworks */,
				6253AE65218D316F00373C33 /* GoogleMaps.framework in Frameworks */,
				6253AE67218D317F00373C33 /* GoogleMapsCore.framework in Frameworks */,
				6253AE63218D314E00373C33 /* GoogleMapsBase.framework in Frameworks */,
			);
			runOnlyForDeploymentPostprocessing = 0;
		};
		6253AE42218D2A9D00373C33 /* Frameworks */ = {
			isa = PBXFrameworksBuildPhase;
			buildActionMask = 2147483647;
			files = (
			);
			runOnlyForDeploymentPostprocessing = 0;
		};
		6253AE4D218D2A9D00373C33 /* Frameworks */ = {
			isa = PBXFrameworksBuildPhase;
			buildActionMask = 2147483647;
			files = (
			);
			runOnlyForDeploymentPostprocessing = 0;
		};
/* End PBXFrameworksBuildPhase section */

/* Begin PBXGroup section */
		6253AE28218D2A9C00373C33 = {
			isa = PBXGroup;
			children = (
				6253AE33218D2A9C00373C33 /* Ghananeedanambulance */,
				6253AE48218D2A9D00373C33 /* GhananeedanambulanceTests */,
				6253AE53218D2A9D00373C33 /* GhananeedanambulanceUITests */,
				6253AE32218D2A9C00373C33 /* Products */,
				6253AE6A218D31FA00373C33 /* GoogleMaps.bundle */,
				6253AE66218D317F00373C33 /* GoogleMapsCore.framework */,
				6253AE64218D316F00373C33 /* GoogleMaps.framework */,
				6253AE62218D314E00373C33 /* GoogleMapsBase.framework */,
				6253AE6C218D324A00373C33 /* Frameworks */,
			);
			sourceTree = "<group>";
		};
		6253AE32218D2A9C00373C33 /* Products */ = {
			isa = PBXGroup;
			children = (
				6253AE31218D2A9C00373C33 /* Ghananeedanambulance.app */,
				6253AE45218D2A9D00373C33 /* GhananeedanambulanceTests.xctest */,
				6253AE50218D2A9D00373C33 /* GhananeedanambulanceUITests.xctest */,
			);
			name = Products;
			sourceTree = "<group>";
		};
		6253AE33218D2A9C00373C33 /* Ghananeedanambulance */ = {
			isa = PBXGroup;
			children = (
				6253AE34218D2A9C00373C33 /* AppDelegate.swift */,
				6253AE36218D2A9C00373C33 /* ViewController.swift */,
				6253AE38218D2A9C00373C33 /* Main.storyboard */,
				6253AE3B218D2A9D00373C33 /* Assets.xcassets */,
				6253AE3D218D2A9D00373C33 /* LaunchScreen.storyboard */,
				6253AE40218D2A9D00373C33 /* Info.plist */,
			);
			path = Ghananeedanambulance;
			sourceTree = "<group>";
		};
		6253AE48218D2A9D00373C33 /* GhananeedanambulanceTests */ = {
			isa = PBXGroup;
			children = (
				6253AE49218D2A9D00373C33 /* GhananeedanambulanceTests.swift */,
				6253AE4B218D2A9D00373C33 /* Info.plist */,
			);
			path = GhananeedanambulanceTests;
			sourceTree = "<group>";
		};
		6253AE53218D2A9D00373C33 /* GhananeedanambulanceUITests */ = {
			isa = PBXGroup;
			children = (
				6253AE54218D2A9D00373C33 /* GhananeedanambulanceUITests.swift */,
				6253AE56218D2A9D00373C33 /* Info.plist */,
			);
			path = GhananeedanambulanceUITests;
			sourceTree = "<group>";
		};
		6253AE6C218D324A00373C33 /* Frameworks */ = {
			isa = PBXGroup;
			children = (
				6253AE87218D32E100373C33 /* UIKit.framework */,
				6253AE85218D32D700373C33 /* SystemConfiguration.framework */,
				6253AE83218D32CB00373C33 /* QuartzCore.framework */,
				6253AE81218D32C100373C33 /* OpenGLES.framework */,
				6253AE7F218D32B600373C33 /* libc++.tbd */,
				6253AE7D218D32A100373C33 /* ImageIO.framework */,
				6253AE7B218D329600373C33 /* GLKit.framework */,
				6253AE79218D328C00373C33 /* CoreText.framework */,
				6253AE77218D328100373C33 /* CoreTelephony.framework */,
				6253AE75218D327600373C33 /* CoreLocation.framework */,
				6253AE73218D326D00373C33 /* CoreImage.framework */,
				6253AE71218D326200373C33 /* CoreGraphics.framework */,
				6253AE6F218D325700373C33 /* CoreData.framework */,
				6253AE6D218D324A00373C33 /* Accelerate.framework */,
			);
			name = Frameworks;
			sourceTree = "<group>";
		};
/* End PBXGroup section */

/* Begin PBXNativeTarget section */
		6253AE30218D2A9C00373C33 /* Ghananeedanambulance */ = {
			isa = PBXNativeTarget;
			buildConfigurationList = 6253AE59218D2A9D00373C33 /* Build configuration list for PBXNativeTarget "Ghananeedanambulance" */;
			buildPhases = (
				6253AE2D218D2A9C00373C33 /* Sources */,
				6253AE2E218D2A9C00373C33 /* Frameworks */,
				6253AE2F218D2A9C00373C33 /* Resources */,
			);
			buildRules = (
			);
			dependencies = (
			);
			name = Ghananeedanambulance;
			productName = Ghananeedanambulance;
			productReference = 6253AE31218D2A9C00373C33 /* Ghananeedanambulance.app */;
			productType = "com.apple.product-type.application";
		};
		6253AE44218D2A9D00373C33 /* GhananeedanambulanceTests */ = {
			isa = PBXNativeTarget;
			buildConfigurationList = 6253AE5C218D2A9D00373C33 /* Build configuration list for PBXNativeTarget "GhananeedanambulanceTests" */;
			buildPhases = (
				6253AE41218D2A9D00373C33 /* Sources */,
				6253AE42218D2A9D00373C33 /* Frameworks */,
				6253AE43218D2A9D00373C33 /* Resources */,
			);
			buildRules = (
			);
			dependencies = (
				6253AE47218D2A9D00373C33 /* PBXTargetDependency */,
			);
			name = GhananeedanambulanceTests;
			productName = GhananeedanambulanceTests;
			productReference = 6253AE45218D2A9D00373C33 /* GhananeedanambulanceTests.xctest */;
			productType = "com.apple.product-type.bundle.unit-test";
		};
		6253AE4F218D2A9D00373C33 /* GhananeedanambulanceUITests */ = {
			isa = PBXNativeTarget;
			buildConfigurationList = 6253AE5F218D2A9D00373C33 /* Build configuration list for PBXNativeTarget "GhananeedanambulanceUITests" */;
			buildPhases = (
				6253AE4C218D2A9D00373C33 /* Sources */,
				6253AE4D218D2A9D00373C33 /* Frameworks */,
				6253AE4E218D2A9D00373C33 /* Resources */,
			);
			buildRules = (
			);
			dependencies = (
				6253AE52218D2A9D00373C33 /* PBXTargetDependency */,
			);
			name = GhananeedanambulanceUITests;
			productName = GhananeedanambulanceUITests;
			productReference = 6253AE50218D2A9D00373C33 /* GhananeedanambulanceUITests.xctest */;
			productType = "com.apple.product-type.bundle.ui-testing";
		};
/* End PBXNativeTarget section */

/* Begin PBXProject section */
		6253AE29218D2A9C00373C33 /* Project object */ = {
			isa = PBXProject;
			attributes = {
				LastSwiftUpdateCheck = 1010;
				LastUpgradeCheck = 1010;
				ORGANIZATIONNAME = Ghananeedanambulance;
				TargetAttributes = {
					6253AE30218D2A9C00373C33 = {
						CreatedOnToolsVersion = 10.1;
					};
					6253AE44218D2A9D00373C33 = {
						CreatedOnToolsVersion = 10.1;
						TestTargetID = 6253AE30218D2A9C00373C33;
					};
					6253AE4F218D2A9D00373C33 = {
						CreatedOnToolsVersion = 10.1;
						TestTargetID = 6253AE30218D2A9C00373C33;
					};
				};
			};
			buildConfigurationList = 6253AE2C218D2A9C00373C33 /* Build configuration list for PBXProject "Ghananeedanambulance" */;
			compatibilityVersion = "Xcode 9.3";
			developmentRegion = en;
			hasScannedForEncodings = 0;
			knownRegions = (
				en,
				Base,
			);
			mainGroup = 6253AE28218D2A9C00373C33;
			productRefGroup = 6253AE32218D2A9C00373C33 /* Products */;
			projectDirPath = "";
			projectRoot = "";
			targets = (
				6253AE30218D2A9C00373C33 /* Ghananeedanambulance */,
				6253AE44218D2A9D00373C33 /* GhananeedanambulanceTests */,
				6253AE4F218D2A9D00373C33 /* GhananeedanambulanceUITests */,
			);
		};
/* End PBXProject section */

/* Begin PBXResourcesBuildPhase section */
		6253AE2F218D2A9C00373C33 /* Resources */ = {
			isa = PBXResourcesBuildPhase;
			buildActionMask = 2147483647;
			files = (
				6253AE3F218D2A9D00373C33 /* LaunchScreen.storyboard in Resources */,
				6253AE3C218D2A9D00373C33 /* Assets.xcassets in Resources */,
				6253AE3A218D2A9C00373C33 /* Main.storyboard in Resources */,
				6253AE6B218D31FA00373C33 /* GoogleMaps.bundle in Resources */,
			);
			runOnlyForDeploymentPostprocessing = 0;
		};
		6253AE43218D2A9D00373C33 /* Resources */ = {
			isa = PBXResourcesBuildPhase;
			buildActionMask = 2147483647;
			files = (
			);
			runOnlyForDeploymentPostprocessing = 0;
		};
		6253AE4E218D2A9D00373C33 /* Resources */ = {
			isa = PBXResourcesBuildPhase;
			buildActionMask = 2147483647;
			files = (
			);
			runOnlyForDeploymentPostprocessing = 0;
		};
/* End PBXResourcesBuildPhase section */

/* Begin PBXSourcesBuildPhase section */
		6253AE2D218D2A9C00373C33 /* Sources */ = {
			isa = PBXSourcesBuildPhase;
			buildActionMask = 2147483647;
			files = (
				6253AE37218D2A9C00373C33 /* ViewController.swift in Sources */,
				6253AE35218D2A9C00373C33 /* AppDelegate.swift in Sources */,
			);
			runOnlyForDeploymentPostprocessing = 0;
		};
		6253AE41218D2A9D00373C33 /* Sources */ = {
			isa = PBXSourcesBuildPhase;
			buildActionMask = 2147483647;
			files = (
				6253AE4A218D2A9D00373C33 /* GhananeedanambulanceTests.swift in Sources */,
			);
			runOnlyForDeploymentPostprocessing = 0;
		};
		6253AE4C218D2A9D00373C33 /* Sources */ = {
			isa = PBXSourcesBuildPhase;
			buildActionMask = 2147483647;
			files = (
				6253AE55218D2A9D00373C33 /* GhananeedanambulanceUITests.swift in Sources */,
			);
			runOnlyForDeploymentPostprocessing = 0;
		};
/* End PBXSourcesBuildPhase section */

/* Begin PBXTargetDependency section */
		6253AE47218D2A9D00373C33 /* PBXTargetDependency */ = {
			isa = PBXTargetDependency;
			target = 6253AE30218D2A9C00373C33 /* Ghananeedanambulance */;
			targetProxy = 6253AE46218D2A9D00373C33 /* PBXContainerItemProxy */;
		};
		6253AE52218D2A9D00373C33 /* PBXTargetDependency */ = {
			isa = PBXTargetDependency;
			target = 6253AE30218D2A9C00373C33 /* Ghananeedanambulance */;
			targetProxy = 6253AE51218D2A9D00373C33 /* PBXContainerItemProxy */;
		};
/* End PBXTargetDependency section */

/* Begin PBXVariantGroup section */
		6253AE38218D2A9C00373C33 /* Main.storyboard */ = {
			isa = PBXVariantGroup;
			children = (
				6253AE39218D2A9C00373C33 /* Base */,
			);
			name = Main.storyboard;
			sourceTree = "<group>";
		};
		6253AE3D218D2A9D00373C33 /* LaunchScreen.storyboard */ = {
			isa = PBXVariantGroup;
			children = (
				6253AE3E218D2A9D00373C33 /* Base */,
			);
			name = LaunchScreen.storyboard;
			sourceTree = "<group>";
		};
/* End PBXVariantGroup section */

/* Begin XCBuildConfiguration section */
		6253AE57218D2A9D00373C33 /* Debug */ = {
			isa = XCBuildConfiguration;
			buildSettings = {
				ALWAYS_SEARCH_USER_PATHS = NO;
				CLANG_ANALYZER_NONNULL = YES;
				CLANG_ANALYZER_NUMBER_OBJECT_CONVERSION = YES_AGGRESSIVE;
				CLANG_CXX_LANGUAGE_STANDARD = "gnu++14";
				CLANG_CXX_LIBRARY = "libc++";
				CLANG_ENABLE_MODULES = YES;
				CLANG_ENABLE_OBJC_ARC = YES;
				CLANG_ENABLE_OBJC_WEAK = YES;
				CLANG_WARN_BLOCK_CAPTURE_AUTORELEASING = YES;
				CLANG_WARN_BOOL_CONVERSION = YES;
				CLANG_WARN_COMMA = YES;
				CLANG_WARN_CONSTANT_CONVERSION = YES;
				CLANG_WARN_DEPRECATED_OBJC_IMPLEMENTATIONS = YES;
				CLANG_WARN_DIRECT_OBJC_ISA_USAGE = YES_ERROR;
				CLANG_WARN_DOCUMENTATION_COMMENTS = YES;
				CLANG_WARN_EMPTY_BODY = YES;
				CLANG_WARN_ENUM_CONVERSION = YES;
				CLANG_WARN_INFINITE_RECURSION = YES;
				CLANG_WARN_INT_CONVERSION = YES;
				CLANG_WARN_NON_LITERAL_NULL_CONVERSION = YES;
				CLANG_WARN_OBJC_IMPLICIT_RETAIN_SELF = YES;
				CLANG_WARN_OBJC_LITERAL_CONVERSION = YES;
				CLANG_WARN_OBJC_ROOT_CLASS = YES_ERROR;
				CLANG_WARN_RANGE_LOOP_ANALYSIS = YES;
				CLANG_WARN_STRICT_PROTOTYPES = YES;
				CLANG_WARN_SUSPICIOUS_MOVE = YES;
				CLANG_WARN_UNGUARDED_AVAILABILITY = YES_AGGRESSIVE;
				CLANG_WARN_UNREACHABLE_CODE = YES;
				CLANG_WARN__DUPLICATE_METHOD_MATCH = YES;
				CODE_SIGN_IDENTITY = "iPhone Developer";
				COPY_PHASE_STRIP = NO;
				DEBUG_INFORMATION_FORMAT = dwarf;
				ENABLE_STRICT_OBJC_MSGSEND = YES;
				ENABLE_TESTABILITY = YES;
				GCC_C_LANGUAGE_STANDARD = gnu11;
				GCC_DYNAMIC_NO_PIC = NO;
				GCC_NO_COMMON_BLOCKS = YES;
				GCC_OPTIMIZATION_LEVEL = 0;
				GCC_PREPROCESSOR_DEFINITIONS = (
					"DEBUG=1",
					"$(inherited)",
				);
				GCC_WARN_64_TO_32_BIT_CONVERSION = YES;
				GCC_WARN_ABOUT_RETURN_TYPE = YES_ERROR;
				GCC_WARN_UNDECLARED_SELECTOR = YES;
				GCC_WARN_UNINITIALIZED_AUTOS = YES_AGGRESSIVE;
				GCC_WARN_UNUSED_FUNCTION = YES;
				GCC_WARN_UNUSED_VARIABLE = YES;
				IPHONEOS_DEPLOYMENT_TARGET = 12.1;
				MTL_ENABLE_DEBUG_INFO = INCLUDE_SOURCE;
				MTL_FAST_MATH = YES;
				ONLY_ACTIVE_ARCH = YES;
				OTHER_LDFLAGS = "-ObjC";
				SDKROOT = iphoneos;
				SWIFT_ACTIVE_COMPILATION_CONDITIONS = DEBUG;
				SWIFT_OPTIMIZATION_LEVEL = "-Onone";
			};
			name = Debug;
		};
		6253AE58218D2A9D00373C33 /* Release */ = {
			isa = XCBuildConfiguration;
			buildSettings = {
				ALWAYS_SEARCH_USER_PATHS = NO;
				CLANG_ANALYZER_NONNULL = YES;
				CLANG_ANALYZER_NUMBER_OBJECT_CONVERSION = YES_AGGRESSIVE;
				CLANG_CXX_LANGUAGE_STANDARD = "gnu++14";
				CLANG_CXX_LIBRARY = "libc++";
				CLANG_ENABLE_MODULES = YES;
				CLANG_ENABLE_OBJC_ARC = YES;
				CLANG_ENABLE_OBJC_WEAK = YES;
				CLANG_WARN_BLOCK_CAPTURE_AUTORELEASING = YES;
				CLANG_WARN_BOOL_CONVERSION = YES;
				CLANG_WARN_COMMA = YES;
				CLANG_WARN_CONSTANT_CONVERSION = YES;
				CLANG_WARN_DEPRECATED_OBJC_IMPLEMENTATIONS = YES;
				CLANG_WARN_DIRECT_OBJC_ISA_USAGE = YES_ERROR;
				CLANG_WARN_DOCUMENTATION_COMMENTS = YES;
				CLANG_WARN_EMPTY_BODY = YES;
				CLANG_WARN_ENUM_CONVERSION = YES;
				CLANG_WARN_INFINITE_RECURSION = YES;
				CLANG_WARN_INT_CONVERSION = YES;
				CLANG_WARN_NON_LITERAL_NULL_CONVERSION = YES;
				CLANG_WARN_OBJC_IMPLICIT_RETAIN_SELF = YES;
				CLANG_WARN_OBJC_LITERAL_CONVERSION = YES;
				CLANG_WARN_OBJC_ROOT_CLASS = YES_ERROR;
				CLANG_WARN_RANGE_LOOP_ANALYSIS = YES;
				CLANG_WARN_STRICT_PROTOTYPES = YES;
				CLANG_WARN_SUSPICIOUS_MOVE = YES;
				CLANG_WARN_UNGUARDED_AVAILABILITY = YES_AGGRESSIVE;
				CLANG_WARN_UNREACHABLE_CODE = YES;
				CLANG_WARN__DUPLICATE_METHOD_MATCH = YES;
				CODE_SIGN_IDENTITY = "iPhone Developer";
				COPY_PHASE_STRIP = NO;
				DEBUG_INFORMATION_FORMAT = "dwarf-with-dsym";
				ENABLE_NS_ASSERTIONS = NO;
				ENABLE_STRICT_OBJC_MSGSEND = YES;
				GCC_C_LANGUAGE_STANDARD = gnu11;
				GCC_NO_COMMON_BLOCKS = YES;
				GCC_WARN_64_TO_32_BIT_CONVERSION = YES;
				GCC_WARN_ABOUT_RETURN_TYPE = YES_ERROR;
				GCC_WARN_UNDECLARED_SELECTOR = YES;
				GCC_WARN_UNINITIALIZED_AUTOS = YES_AGGRESSIVE;
				GCC_WARN_UNUSED_FUNCTION = YES;
				GCC_WARN_UNUSED_VARIABLE = YES;
				IPHONEOS_DEPLOYMENT_TARGET = 12.1;
				MTL_ENABLE_DEBUG_INFO = NO;
				MTL_FAST_MATH = YES;
				OTHER_LDFLAGS = "-ObjC";
				SDKROOT = iphoneos;
				SWIFT_COMPILATION_MODE = wholemodule;
				SWIFT_OPTIMIZATION_LEVEL = "-O";
				VALIDATE_PRODUCT = YES;
			};
			name = Release;
		};
		6253AE5A218D2A9D00373C33 /* Debug */ = {
			isa = XCBuildConfiguration;
			buildSettings = {
				ASSETCATALOG_COMPILER_APPICON_NAME = AppIcon;
				CODE_SIGN_STYLE = Automatic;
				DEVELOPMENT_TEAM = D6ZWLU4F2B;
				FRAMEWORK_SEARCH_PATHS = (
					"$(inherited)",
					"$(PROJECT_DIR)",
				);
				INFOPLIST_FILE = Ghananeedanambulance/Info.plist;
				LD_RUNPATH_SEARCH_PATHS = (
					"$(inherited)",
					"@executable_path/Frameworks",
				);
				PRODUCT_BUNDLE_IDENTIFIER = Ghananeedanambulance.Ghananeedanambulance;
				PRODUCT_NAME = "$(TARGET_NAME)";
				SWIFT_VERSION = 4.2;
				TARGETED_DEVICE_FAMILY = "1,2";
			};
			name = Debug;
		};
		6253AE5B218D2A9D00373C33 /* Release */ = {
			isa = XCBuildConfiguration;
			buildSettings = {
				ASSETCATALOG_COMPILER_APPICON_NAME = AppIcon;
				CODE_SIGN_STYLE = Automatic;
				DEVELOPMENT_TEAM = D6ZWLU4F2B;
				FRAMEWORK_SEARCH_PATHS = (
					"$(inherited)",
					"$(PROJECT_DIR)",
				);
				INFOPLIST_FILE = Ghananeedanambulance/Info.plist;
				LD_RUNPATH_SEARCH_PATHS = (
					"$(inherited)",
					"@executable_path/Frameworks",
				);
				PRODUCT_BUNDLE_IDENTIFIER = Ghananeedanambulance.Ghananeedanambulance;
				PRODUCT_NAME = "$(TARGET_NAME)";
				SWIFT_VERSION = 4.2;
				TARGETED_DEVICE_FAMILY = "1,2";
			};
			name = Release;
		};
		6253AE5D218D2A9D00373C33 /* Debug */ = {
			isa = XCBuildConfiguration;
			buildSettings = {
				ALWAYS_EMBED_SWIFT_STANDARD_LIBRARIES = YES;
				BUNDLE_LOADER = "$(TEST_HOST)";
				CODE_SIGN_STYLE = Automatic;
				DEVELOPMENT_TEAM = D6ZWLU4F2B;
				INFOPLIST_FILE = GhananeedanambulanceTests/Info.plist;
				LD_RUNPATH_SEARCH_PATHS = (
					"$(inherited)",
					"@executable_path/Frameworks",
					"@loader_path/Frameworks",
				);
				PRODUCT_BUNDLE_IDENTIFIER = Ghananeedanambulance.GhananeedanambulanceTests;
				PRODUCT_NAME = "$(TARGET_NAME)";
				SWIFT_VERSION = 4.2;
				TARGETED_DEVICE_FAMILY = "1,2";
				TEST_HOST = "$(BUILT_PRODUCTS_DIR)/Ghananeedanambulance.app/Ghananeedanambulance";
			};
			name = Debug;
		};
		6253AE5E218D2A9D00373C33 /* Release */ = {
			isa = XCBuildConfiguration;
			buildSettings = {
				ALWAYS_EMBED_SWIFT_STANDARD_LIBRARIES = YES;
				BUNDLE_LOADER = "$(TEST_HOST)";
				CODE_SIGN_STYLE = Automatic;
				DEVELOPMENT_TEAM = D6ZWLU4F2B;
				INFOPLIST_FILE = GhananeedanambulanceTests/Info.plist;
				LD_RUNPATH_SEARCH_PATHS = (
					"$(inherited)",
					"@executable_path/Frameworks",
					"@loader_path/Frameworks",
				);
				PRODUCT_BUNDLE_IDENTIFIER = Ghananeedanambulance.GhananeedanambulanceTests;
				PRODUCT_NAME = "$(TARGET_NAME)";
				SWIFT_VERSION = 4.2;
				TARGETED_DEVICE_FAMILY = "1,2";
				TEST_HOST = "$(BUILT_PRODUCTS_DIR)/Ghananeedanambulance.app/Ghananeedanambulance";
			};
			name = Release;
		};
		6253AE60218D2A9D00373C33 /* Debug */ = {
			isa = XCBuildConfiguration;
			buildSettings = {
				ALWAYS_EMBED_SWIFT_STANDARD_LIBRARIES = YES;
				CODE_SIGN_STYLE = Automatic;
				DEVELOPMENT_TEAM = D6ZWLU4F2B;
				INFOPLIST_FILE = GhananeedanambulanceUITests/Info.plist;
				LD_RUNPATH_SEARCH_PATHS = (
					"$(inherited)",
					"@executable_path/Frameworks",
					"@loader_path/Frameworks",
				);
				PRODUCT_BUNDLE_IDENTIFIER = Ghananeedanambulance.GhananeedanambulanceUITests;
				PRODUCT_NAME = "$(TARGET_NAME)";
				SWIFT_VERSION = 4.2;
				TARGETED_DEVICE_FAMILY = "1,2";
				TEST_TARGET_NAME = Ghananeedanambulance;
			};
			name = Debug;
		};
		6253AE61218D2A9D00373C33 /* Release */ = {
			isa = XCBuildConfiguration;
			buildSettings = {
				ALWAYS_EMBED_SWIFT_STANDARD_LIBRARIES = YES;
				CODE_SIGN_STYLE = Automatic;
				DEVELOPMENT_TEAM = D6ZWLU4F2B;
				INFOPLIST_FILE = GhananeedanambulanceUITests/Info.plist;
				LD_RUNPATH_SEARCH_PATHS = (
					"$(inherited)",
					"@executable_path/Frameworks",
					"@loader_path/Frameworks",
				);
				PRODUCT_BUNDLE_IDENTIFIER = Ghananeedanambulance.GhananeedanambulanceUITests;
				PRODUCT_NAME = "$(TARGET_NAME)";
				SWIFT_VERSION = 4.2;
				TARGETED_DEVICE_FAMILY = "1,2";
				TEST_TARGET_NAME = Ghananeedanambulance;
			};
			name = Release;
		};
/* End XCBuildConfiguration section */

/* Begin XCConfigurationList section */
		6253AE2C218D2A9C00373C33 /* Build configuration list for PBXProject "Ghananeedanambulance" */ = {
			isa = XCConfigurationList;
			buildConfigurations = (
				6253AE57218D2A9D00373C33 /* Debug */,
				6253AE58218D2A9D00373C33 /* Release */,
			);
			defaultConfigurationIsVisible = 0;
			defaultConfigurationName = Release;
		};
		6253AE59218D2A9D00373C33 /* Build configuration list for PBXNativeTarget "Ghananeedanambulance" */ = {
			isa = XCConfigurationList;
			buildConfigurations = (
				6253AE5A218D2A9D00373C33 /* Debug */,
				6253AE5B218D2A9D00373C33 /* Release */,
			);
			defaultConfigurationIsVisible = 0;
			defaultConfigurationName = Release;
		};
		6253AE5C218D2A9D00373C33 /* Build configuration list for PBXNativeTarget "GhananeedanambulanceTests" */ = {
			isa = XCConfigurationList;
			buildConfigurations = (
				6253AE5D218D2A9D00373C33 /* Debug */,
				6253AE5E218D2A9D00373C33 /* Release */,
			);
			defaultConfigurationIsVisible = 0;
			defaultConfigurationName = Release;
		};
		6253AE5F218D2A9D00373C33 /* Build configuration list for PBXNativeTarget "GhananeedanambulanceUITests" */ = {
			isa = XCConfigurationList;
			buildConfigurations = (
				6253AE60218D2A9D00373C33 /* Debug */,
				6253AE61218D2A9D00373C33 /* Release */,
			);
			defaultConfigurationIsVisible = 0;
			defaultConfigurationName = Release;
		};
/* End XCConfigurationList section */
	};
	rootObject = 6253AE29218D2A9C00373C33 /* Project object */;
}
